
Microsoft Visual Studio Solution File, Format Version 12.00
# Visual Studio Version 16
VisualStudioVersion = 16.0.32106.194
MinimumVisualStudioVersion = 10.0.40219.1
Project("{FAE04EC0-301F-11D3-BF4B-00C04F79EFBC}") = "HesapUygulama", "HesapUygulama\HesapUygulama.csproj", "{173E2955-069E-4C59-BFE7-23537FF5D03E}"
EndProject
Global
	GlobalSection(SolutionConfigurationPlatforms) = preSolution
		Debug|Any CPU = Debug|Any CPU
		Release|Any CPU = Release|Any CPU
	EndGlobalSection
	GlobalSection(ProjectConfigurationPlatforms) = postSolution
		{173E2955-069E-4C59-BFE7-23537FF5D03E}.Debug|Any CPU.ActiveCfg = Debug|Any CPU
		{173E2955-069E-4C59-BFE7-23537FF5D03E}.Debug|Any CPU.Build.0 = Debug|Any CPU
		{173E2955-069E-4C59-BFE7-23537FF5D03E}.Release|Any CPU.ActiveCfg = Release|Any CPU
		{173E2955-069E-4C59-BFE7-23537FF5D03E}.Release|Any CPU.Build.0 = Release|Any CPU
	EndGlobalSection
	GlobalSection(SolutionProperties) = preSolution
		HideSolutionNode = FALSE
	EndGlobalSection
	GlobalSection(ExtensibilityGlobals) = postSolution
		SolutionGuid = {3E4C6DB7-3F28-482E-ABC4-EF8B001FE011}
	EndGlobalSection
EndGlobal
